
Microsoft Visual Studio Solution File, Format Version 12.00
# Visual Studio Version 16
VisualStudioVersion = 16.0.29709.97
MinimumVisualStudioVersion = 10.0.40219.1
Project("{9A19103F-16F7-4668-BE54-9A1E7A4F7556}") = "DigitalTwinsSample", "DigitalTwinsSample\DigitalTwinsSample.csproj", "{96ADA1E3-CFD0-4FBB-95D0-DF32A396FBEE}"
EndProject
Project("{FAE04EC0-301F-11D3-BF4B-00C04F79EFBC}") = "ADTApi", "ADTApi\ADTApi.csproj", "{8EB1EF03-B784-488C-8193-E29917A015C8}"
EndProject
Project("{9A19103F-16F7-4668-BE54-9A1E7A4F7556}") = "HubToDT", "HubToDT\HubToDT.csproj", "{15C06FE4-1A56-473E-8F51-A67EA77DBFD5}"
EndProject
Project("{9A19103F-16F7-4668-BE54-9A1E7A4F7556}") = "DTRoutedData", "DTRoutedData\DTRoutedData.csproj", "{4533E76E-75B7-4E35-A20C-C13769C46B8D}"
EndProject
Global
	GlobalSection(SolutionConfigurationPlatforms) = preSolution
		Debug|Any CPU = Debug|Any CPU
		Release|Any CPU = Release|Any CPU
	EndGlobalSection
	GlobalSection(ProjectConfigurationPlatforms) = postSolution
		{8EB1EF03-B784-488C-8193-E29917A015C8}.Debug|Any CPU.ActiveCfg = Debug|Any CPU
		{8EB1EF03-B784-488C-8193-E29917A015C8}.Debug|Any CPU.Build.0 = Debug|Any CPU
		{8EB1EF03-B784-488C-8193-E29917A015C8}.Release|Any CPU.ActiveCfg = Release|Any CPU
		{8EB1EF03-B784-488C-8193-E29917A015C8}.Release|Any CPU.Build.0 = Release|Any CPU
		{15C06FE4-1A56-473E-8F51-A67EA77DBFD5}.Debug|Any CPU.ActiveCfg = Debug|Any CPU
		{15C06FE4-1A56-473E-8F51-A67EA77DBFD5}.Debug|Any CPU.Build.0 = Debug|Any CPU
		{15C06FE4-1A56-473E-8F51-A67EA77DBFD5}.Release|Any CPU.ActiveCfg = Release|Any CPU
		{15C06FE4-1A56-473E-8F51-A67EA77DBFD5}.Release|Any CPU.Build.0 = Release|Any CPU
		{4533E76E-75B7-4E35-A20C-C13769C46B8D}.Debug|Any CPU.ActiveCfg = Debug|Any CPU
		{4533E76E-75B7-4E35-A20C-C13769C46B8D}.Debug|Any CPU.Build.0 = Debug|Any CPU
		{4533E76E-75B7-4E35-A20C-C13769C46B8D}.Release|Any CPU.ActiveCfg = Release|Any CPU
		{4533E76E-75B7-4E35-A20C-C13769C46B8D}.Release|Any CPU.Build.0 = Release|Any CPU
		{96ADA1E3-CFD0-4FBB-95D0-DF32A396FBEE}.Debug|Any CPU.ActiveCfg = Debug|Any CPU
		{96ADA1E3-CFD0-4FBB-95D0-DF32A396FBEE}.Debug|Any CPU.Build.0 = Debug|Any CPU
		{96ADA1E3-CFD0-4FBB-95D0-DF32A396FBEE}.Release|Any CPU.ActiveCfg = Release|Any CPU
		{96ADA1E3-CFD0-4FBB-95D0-DF32A396FBEE}.Release|Any CPU.Build.0 = Release|Any CPU
	EndGlobalSection
	GlobalSection(SolutionProperties) = preSolution
		HideSolutionNode = FALSE
	EndGlobalSection
	GlobalSection(ExtensibilityGlobals) = postSolution
		SolutionGuid = {CDF02B7A-A866-40C2-A951-D7699E22D26C}
	EndGlobalSection
EndGlobal
